
Microsoft Visual Studio Solution File, Format Version 12.00
# Visual Studio Version 17
VisualStudioVersion = 17.11.35303.130
MinimumVisualStudioVersion = 10.0.40219.1
Project("{FAE04EC0-301F-11D3-BF4B-00C04F79EFBC}") = "03.ViewStart", "03.ViewStart\03.ViewStart.csproj", "{94CBD192-497D-42BD-8652-8A6A62159361}"
EndProject
Global
	GlobalSection(SolutionConfigurationPlatforms) = preSolution
		Debug|Any CPU = Debug|Any CPU
		Release|Any CPU = Release|Any CPU
	EndGlobalSection
	GlobalSection(ProjectConfigurationPlatforms) = postSolution
		{94CBD192-497D-42BD-8652-8A6A62159361}.Debug|Any CPU.ActiveCfg = Debug|Any CPU
		{94CBD192-497D-42BD-8652-8A6A62159361}.Debug|Any CPU.Build.0 = Debug|Any CPU
		{94CBD192-497D-42BD-8652-8A6A62159361}.Release|Any CPU.ActiveCfg = Release|Any CPU
		{94CBD192-497D-42BD-8652-8A6A62159361}.Release|Any CPU.Build.0 = Release|Any CPU
	EndGlobalSection
	GlobalSection(SolutionProperties) = preSolution
		HideSolutionNode = FALSE
	EndGlobalSection
	GlobalSection(ExtensibilityGlobals) = postSolution
		SolutionGuid = {A19313EB-F517-4155-ADE2-6C1E2A7FBAD3}
	EndGlobalSection
EndGlobal
