
Microsoft Visual Studio Solution File, Format Version 12.00
# Visual Studio Version 17
VisualStudioVersion = 17.11.35303.130
MinimumVisualStudioVersion = 10.0.40219.1
Project("{FAE04EC0-301F-11D3-BF4B-00C04F79EFBC}") = "04b.ViewData", "04b.ViewData\04b.ViewData.csproj", "{984BA6D1-6A25-42B9-A957-81A0BDCF4DCF}"
EndProject
Global
	GlobalSection(SolutionConfigurationPlatforms) = preSolution
		Debug|Any CPU = Debug|Any CPU
		Release|Any CPU = Release|Any CPU
	EndGlobalSection
	GlobalSection(ProjectConfigurationPlatforms) = postSolution
		{984BA6D1-6A25-42B9-A957-81A0BDCF4DCF}.Debug|Any CPU.ActiveCfg = Debug|Any CPU
		{984BA6D1-6A25-42B9-A957-81A0BDCF4DCF}.Debug|Any CPU.Build.0 = Debug|Any CPU
		{984BA6D1-6A25-42B9-A957-81A0BDCF4DCF}.Release|Any CPU.ActiveCfg = Release|Any CPU
		{984BA6D1-6A25-42B9-A957-81A0BDCF4DCF}.Release|Any CPU.Build.0 = Release|Any CPU
	EndGlobalSection
	GlobalSection(SolutionProperties) = preSolution
		HideSolutionNode = FALSE
	EndGlobalSection
	GlobalSection(ExtensibilityGlobals) = postSolution
		SolutionGuid = {4162392F-10B1-4367-9A83-FB4055276A03}
	EndGlobalSection
EndGlobal
