
Microsoft Visual Studio Solution File, Format Version 12.00
# Visual Studio Version 17
VisualStudioVersion = 17.11.35303.130
MinimumVisualStudioVersion = 10.0.40219.1
Project("{FAE04EC0-301F-11D3-BF4B-00C04F79EFBC}") = "04c.TempData", "04c.TempData\04c.TempData.csproj", "{3E7C4034-0B90-449F-84AA-52EC8ED57BB6}"
EndProject
Global
	GlobalSection(SolutionConfigurationPlatforms) = preSolution
		Debug|Any CPU = Debug|Any CPU
		Release|Any CPU = Release|Any CPU
	EndGlobalSection
	GlobalSection(ProjectConfigurationPlatforms) = postSolution
		{3E7C4034-0B90-449F-84AA-52EC8ED57BB6}.Debug|Any CPU.ActiveCfg = Debug|Any CPU
		{3E7C4034-0B90-449F-84AA-52EC8ED57BB6}.Debug|Any CPU.Build.0 = Debug|Any CPU
		{3E7C4034-0B90-449F-84AA-52EC8ED57BB6}.Release|Any CPU.ActiveCfg = Release|Any CPU
		{3E7C4034-0B90-449F-84AA-52EC8ED57BB6}.Release|Any CPU.Build.0 = Release|Any CPU
	EndGlobalSection
	GlobalSection(SolutionProperties) = preSolution
		HideSolutionNode = FALSE
	EndGlobalSection
	GlobalSection(ExtensibilityGlobals) = postSolution
		SolutionGuid = {1BC37E5C-0A99-4B32-B37D-8F069DEB093B}
	EndGlobalSection
EndGlobal
